
Microsoft Visual Studio Solution File, Format Version 12.00
# Visual Studio Version 16
VisualStudioVersion = 16.0.808.4
MinimumVisualStudioVersion = 10.0.40219.1
Project("{FAE04EC0-301F-11D3-BF4B-00C04F79EFBC}") = "crudApi", "crudApi\crudApi.csproj", "{832881C2-667B-42B1-B769-8AEA3854DD7E}"
EndProject
Global
	GlobalSection(SolutionConfigurationPlatforms) = preSolution
		Debug|Any CPU = Debug|Any CPU
		Release|Any CPU = Release|Any CPU
	EndGlobalSection
	GlobalSection(ProjectConfigurationPlatforms) = postSolution
		{832881C2-667B-42B1-B769-8AEA3854DD7E}.Debug|Any CPU.ActiveCfg = Debug|Any CPU
		{832881C2-667B-42B1-B769-8AEA3854DD7E}.Debug|Any CPU.Build.0 = Debug|Any CPU
		{832881C2-667B-42B1-B769-8AEA3854DD7E}.Release|Any CPU.ActiveCfg = Release|Any CPU
		{832881C2-667B-42B1-B769-8AEA3854DD7E}.Release|Any CPU.Build.0 = Release|Any CPU
	EndGlobalSection
	GlobalSection(SolutionProperties) = preSolution
		HideSolutionNode = FALSE
	EndGlobalSection
	GlobalSection(ExtensibilityGlobals) = postSolution
		SolutionGuid = {37D49BF0-6D22-4BDB-82C4-D71408BEDA0C}
	EndGlobalSection
EndGlobal
